// !$*UTF8*$!
{
	archiveVersion = 1;
	classes = {
	};
	objectVersion = 56;
	objects = {

/* Begin PBXBuildFile section */
		0A13E5602A5A4AEA00CE63BC /* SpotifyNowListeningAppDemoApp.swift in Sources */ = {isa = PBXBuildFile; fileRef = 0A13E55F2A5A4AEA00CE63BC /* SpotifyNowListeningAppDemoApp.swift */; };
		0A13E5622A5A4AEA00CE63BC /* ContentView.swift in Sources */ = {isa = PBXBuildFile; fileRef = 0A13E5612A5A4AEA00CE63BC /* ContentView.swift */; };
		0A13E5642A5A4AEC00CE63BC /* Assets.xcassets in Resources */ = {isa = PBXBuildFile; fileRef = 0A13E5632A5A4AEC00CE63BC /* Assets.xcassets */; };
		0A13E5672A5A4AEC00CE63BC /* Preview Assets.xcassets in Resources */ = {isa = PBXBuildFile; fileRef = 0A13E5662A5A4AEC00CE63BC /* Preview Assets.xcassets */; };
		0A13E56F2A5A4B5C00CE63BC /* Track.swift in Sources */ = {isa = PBXBuildFile; fileRef = 0A13E56E2A5A4B5C00CE63BC /* Track.swift */; };
		0A13E5732A5A4B7D00CE63BC /* SpotifyTrackViewModel.swift in Sources */ = {isa = PBXBuildFile; fileRef = 0A13E5722A5A4B7D00CE63BC /* SpotifyTrackViewModel.swift */; };
		0A13E5762A5A4C5C00CE63BC /* Config.plist in Resources */ = {isa = PBXBuildFile; fileRef = 0A13E5752A5A4C5C00CE63BC /* Config.plist */; };
		0A3A3CBB2A5A4E4C0082088B /* SpotifyAuthManager.swift in Sources */ = {isa = PBXBuildFile; fileRef = 0A3A3CBA2A5A4E4C0082088B /* SpotifyAuthManager.swift */; };
		0A3A3CBD2A5A4E920082088B /* SpotifyLoginView.swift in Sources */ = {isa = PBXBuildFile; fileRef = 0A3A3CBC2A5A4E920082088B /* SpotifyLoginView.swift */; };
		0A3A3CBF2A5A4F430082088B /* SpotifyTrackView.swift in Sources */ = {isa = PBXBuildFile; fileRef = 0A3A3CBE2A5A4F430082088B /* SpotifyTrackView.swift */; };
/* End PBXBuildFile section */

/* Begin PBXFileReference section */
		0A13E55C2A5A4AEA00CE63BC /* SpotifyNowListeningAppDemo.app */ = {isa = PBXFileReference; explicitFileType = wrapper.application; includeInIndex = 0; path = SpotifyNowListeningAppDemo.app; sourceTree = BUILT_PRODUCTS_DIR; };
		0A13E55F2A5A4AEA00CE63BC /* SpotifyNowListeningAppDemoApp.swift */ = {isa = PBXFileReference; lastKnownFileType = sourcecode.swift; path = SpotifyNowListeningAppDemoApp.swift; sourceTree = "<group>"; };
		0A13E5612A5A4AEA00CE63BC /* ContentView.swift */ = {isa = PBXFileReference; lastKnownFileType = sourcecode.swift; path = ContentView.swift; sourceTree = "<group>"; };
		0A13E5632A5A4AEC00CE63BC /* Assets.xcassets */ = {isa = PBXFileReference; lastKnownFileType = folder.assetcatalog; path = Assets.xcassets; sourceTree = "<group>"; };
		0A13E5662A5A4AEC00CE63BC /* Preview Assets.xcassets */ = {isa = PBXFileReference; lastKnownFileType = folder.assetcatalog; path = "Preview Assets.xcassets"; sourceTree = "<group>"; };
		0A13E56E2A5A4B5C00CE63BC /* Track.swift */ = {isa = PBXFileReference; lastKnownFileType = sourcecode.swift; path = Track.swift; sourceTree = "<group>"; };
		0A13E5722A5A4B7D00CE63BC /* SpotifyTrackViewModel.swift */ = {isa = PBXFileReference; lastKnownFileType = sourcecode.swift; path = SpotifyTrackViewModel.swift; sourceTree = "<group>"; };
		0A13E5742A5A4BB800CE63BC /* Info.plist */ = {isa = PBXFileReference; lastKnownFileType = text.plist; path = Info.plist; sourceTree = "<group>"; };
		0A13E5752A5A4C5C00CE63BC /* Config.plist */ = {isa = PBXFileReference; lastKnownFileType = text.plist.xml; path = Config.plist; sourceTree = "<group>"; };
		0A3A3CBA2A5A4E4C0082088B /* SpotifyAuthManager.swift */ = {isa = PBXFileReference; lastKnownFileType = sourcecode.swift; path = SpotifyAuthManager.swift; sourceTree = "<group>"; };
		0A3A3CBC2A5A4E920082088B /* SpotifyLoginView.swift */ = {isa = PBXFileReference; lastKnownFileType = sourcecode.swift; path = SpotifyLoginView.swift; sourceTree = "<group>"; };
		0A3A3CBE2A5A4F430082088B /* SpotifyTrackView.swift */ = {isa = PBXFileReference; lastKnownFileType = sourcecode.swift; path = SpotifyTrackView.swift; sourceTree = "<group>"; };
/* End PBXFileReference section */

/* Begin PBXFrameworksBuildPhase section */
		0A13E5592A5A4AEA00CE63BC /* Frameworks */ = {
			isa = PBXFrameworksBuildPhase;
			buildActionMask = 2147483647;
			files = (
			);
			runOnlyForDeploymentPostprocessing = 0;
		};
/* End PBXFrameworksBuildPhase section */

/* Begin PBXGroup section */
		0A13E5532A5A4AEA00CE63BC = {
			isa = PBXGroup;
			children = (
				0A13E55E2A5A4AEA00CE63BC /* SpotifyNowListeningAppDemo */,
				0A13E55D2A5A4AEA00CE63BC /* Products */,
			);
			sourceTree = "<group>";
		};
		0A13E55D2A5A4AEA00CE63BC /* Products */ = {
			isa = PBXGroup;
			children = (
				0A13E55C2A5A4AEA00CE63BC /* SpotifyNowListeningAppDemo.app */,
			);
			name = Products;
			sourceTree = "<group>";
		};
		0A13E55E2A5A4AEA00CE63BC /* SpotifyNowListeningAppDemo */ = {
			isa = PBXGroup;
			children = (
				0A13E5742A5A4BB800CE63BC /* Info.plist */,
				0A13E55F2A5A4AEA00CE63BC /* SpotifyNowListeningAppDemoApp.swift */,
				0A13E56D2A5A4B4C00CE63BC /* Model */,
				0A13E5702A5A4B6900CE63BC /* View */,
				0A13E5712A5A4B7000CE63BC /* ViewModel */,
				0A3A3CB92A5A4E410082088B /* Service */,
				0A13E5632A5A4AEC00CE63BC /* Assets.xcassets */,
				0A13E5752A5A4C5C00CE63BC /* Config.plist */,
				0A13E5652A5A4AEC00CE63BC /* Preview Content */,
			);
			path = SpotifyNowListeningAppDemo;
			sourceTree = "<group>";
		};
		0A13E5652A5A4AEC00CE63BC /* Preview Content */ = {
			isa = PBXGroup;
			children = (
				0A13E5662A5A4AEC00CE63BC /* Preview Assets.xcassets */,
			);
			path = "Preview Content";
			sourceTree = "<group>";
		};
		0A13E56D2A5A4B4C00CE63BC /* Model */ = {
			isa = PBXGroup;
			children = (
				0A13E56E2A5A4B5C00CE63BC /* Track.swift */,
			);
			path = Model;
			sourceTree = "<group>";
		};
		0A13E5702A5A4B6900CE63BC /* View */ = {
			isa = PBXGroup;
			children = (
				0A13E5612A5A4AEA00CE63BC /* ContentView.swift */,
				0A3A3CBC2A5A4E920082088B /* SpotifyLoginView.swift */,
				0A3A3CBE2A5A4F430082088B /* SpotifyTrackView.swift */,
			);
			path = View;
			sourceTree = "<group>";
		};
		0A13E5712A5A4B7000CE63BC /* ViewModel */ = {
			isa = PBXGroup;
			children = (
				0A13E5722A5A4B7D00CE63BC /* SpotifyTrackViewModel.swift */,
			);
			path = ViewModel;
			sourceTree = "<group>";
		};
		0A3A3CB92A5A4E410082088B /* Service */ = {
			isa = PBXGroup;
			children = (
				0A3A3CBA2A5A4E4C0082088B /* SpotifyAuthManager.swift */,
			);
			path = Service;
			sourceTree = "<group>";
		};
/* End PBXGroup section */

/* Begin PBXNativeTarget section */
		0A13E55B2A5A4AEA00CE63BC /* SpotifyNowListeningAppDemo */ = {
			isa = PBXNativeTarget;
			buildConfigurationList = 0A13E56A2A5A4AEC00CE63BC /* Build configuration list for PBXNativeTarget "SpotifyNowListeningAppDemo" */;
			buildPhases = (
				0A13E5582A5A4AEA00CE63BC /* Sources */,
				0A13E5592A5A4AEA00CE63BC /* Frameworks */,
				0A13E55A2A5A4AEA00CE63BC /* Resources */,
			);
			buildRules = (
			);
			dependencies = (
			);
			name = SpotifyNowListeningAppDemo;
			productName = SpotifyNowListeningAppDemo;
			productReference = 0A13E55C2A5A4AEA00CE63BC /* SpotifyNowListeningAppDemo.app */;
			productType = "com.apple.product-type.application";
		};
/* End PBXNativeTarget section */

/* Begin PBXProject section */
		0A13E5542A5A4AEA00CE63BC /* Project object */ = {
			isa = PBXProject;
			attributes = {
				BuildIndependentTargetsInParallel = 1;
				LastSwiftUpdateCheck = 1430;
				LastUpgradeCheck = 1430;
				TargetAttributes = {
					0A13E55B2A5A4AEA00CE63BC = {
						CreatedOnToolsVersion = 14.3.1;
					};
				};
			};
			buildConfigurationList = 0A13E5572A5A4AEA00CE63BC /* Build configuration list for PBXProject "SpotifyNowListeningAppDemo" */;
			compatibilityVersion = "Xcode 14.0";
			developmentRegion = ja;
			hasScannedForEncodings = 0;
			knownRegions = (
				Base,
				ja,
			);
			mainGroup = 0A13E5532A5A4AEA00CE63BC;
			productRefGroup = 0A13E55D2A5A4AEA00CE63BC /* Products */;
			projectDirPath = "";
			projectRoot = "";
			targets = (
				0A13E55B2A5A4AEA00CE63BC /* SpotifyNowListeningAppDemo */,
			);
		};
/* End PBXProject section */

/* Begin PBXResourcesBuildPhase section */
		0A13E55A2A5A4AEA00CE63BC /* Resources */ = {
			isa = PBXResourcesBuildPhase;
			buildActionMask = 2147483647;
			files = (
				0A13E5672A5A4AEC00CE63BC /* Preview Assets.xcassets in Resources */,
				0A13E5762A5A4C5C00CE63BC /* Config.plist in Resources */,
				0A13E5642A5A4AEC00CE63BC /* Assets.xcassets in Resources */,
			);
			runOnlyForDeploymentPostprocessing = 0;
		};
/* End PBXResourcesBuildPhase section */

/* Begin PBXSourcesBuildPhase section */
		0A13E5582A5A4AEA00CE63BC /* Sources */ = {
			isa = PBXSourcesBuildPhase;
			buildActionMask = 2147483647;
			files = (
				0A13E5732A5A4B7D00CE63BC /* SpotifyTrackViewModel.swift in Sources */,
				0A3A3CBB2A5A4E4C0082088B /* SpotifyAuthManager.swift in Sources */,
				0A13E5622A5A4AEA00CE63BC /* ContentView.swift in Sources */,
				0A13E5602A5A4AEA00CE63BC /* SpotifyNowListeningAppDemoApp.swift in Sources */,
				0A13E56F2A5A4B5C00CE63BC /* Track.swift in Sources */,
				0A3A3CBD2A5A4E920082088B /* SpotifyLoginView.swift in Sources */,
				0A3A3CBF2A5A4F430082088B /* SpotifyTrackView.swift in Sources */,
			);
			runOnlyForDeploymentPostprocessing = 0;
		};
/* End PBXSourcesBuildPhase section */

/* Begin XCBuildConfiguration section */
		0A13E5682A5A4AEC00CE63BC /* Debug */ = {
			isa = XCBuildConfiguration;
			buildSettings = {
				ALWAYS_SEARCH_USER_PATHS = NO;
				CLANG_ANALYZER_NONNULL = YES;
				CLANG_ANALYZER_NUMBER_OBJECT_CONVERSION = YES_AGGRESSIVE;
				CLANG_CXX_LANGUAGE_STANDARD = "gnu++20";
				CLANG_ENABLE_MODULES = YES;
				CLANG_ENABLE_OBJC_ARC = YES;
				CLANG_ENABLE_OBJC_WEAK = YES;
				CLANG_WARN_BLOCK_CAPTURE_AUTORELEASING = YES;
				CLANG_WARN_BOOL_CONVERSION = YES;
				CLANG_WARN_COMMA = YES;
				CLANG_WARN_CONSTANT_CONVERSION = YES;
				CLANG_WARN_DEPRECATED_OBJC_IMPLEMENTATIONS = YES;
				CLANG_WARN_DIRECT_OBJC_ISA_USAGE = YES_ERROR;
				CLANG_WARN_DOCUMENTATION_COMMENTS = YES;
				CLANG_WARN_EMPTY_BODY = YES;
				CLANG_WARN_ENUM_CONVERSION = YES;
				CLANG_WARN_INFINITE_RECURSION = YES;
				CLANG_WARN_INT_CONVERSION = YES;
				CLANG_WARN_NON_LITERAL_NULL_CONVERSION = YES;
				CLANG_WARN_OBJC_IMPLICIT_RETAIN_SELF = YES;
				CLANG_WARN_OBJC_LITERAL_CONVERSION = YES;
				CLANG_WARN_OBJC_ROOT_CLASS = YES_ERROR;
				CLANG_WARN_QUOTED_INCLUDE_IN_FRAMEWORK_HEADER = YES;
				CLANG_WARN_RANGE_LOOP_ANALYSIS = YES;
				CLANG_WARN_STRICT_PROTOTYPES = YES;
				CLANG_WARN_SUSPICIOUS_MOVE = YES;
				CLANG_WARN_UNGUARDED_AVAILABILITY = YES_AGGRESSIVE;
				CLANG_WARN_UNREACHABLE_CODE = YES;
				CLANG_WARN__DUPLICATE_METHOD_MATCH = YES;
				COPY_PHASE_STRIP = NO;
				DEBUG_INFORMATION_FORMAT = dwarf;
				ENABLE_STRICT_OBJC_MSGSEND = YES;
				ENABLE_TESTABILITY = YES;
				GCC_C_LANGUAGE_STANDARD = gnu11;
				GCC_DYNAMIC_NO_PIC = NO;
				GCC_NO_COMMON_BLOCKS = YES;
				GCC_OPTIMIZATION_LEVEL = 0;
				GCC_PREPROCESSOR_DEFINITIONS = (
					"DEBUG=1",
					"$(inherited)",
				);
				GCC_WARN_64_TO_32_BIT_CONVERSION = YES;
				GCC_WARN_ABOUT_RETURN_TYPE = YES_ERROR;
				GCC_WARN_UNDECLARED_SELECTOR = YES;
				GCC_WARN_UNINITIALIZED_AUTOS = YES_AGGRESSIVE;
				GCC_WARN_UNUSED_FUNCTION = YES;
				GCC_WARN_UNUSED_VARIABLE = YES;
				IPHONEOS_DEPLOYMENT_TARGET = 15.0;
				MTL_ENABLE_DEBUG_INFO = INCLUDE_SOURCE;
				MTL_FAST_MATH = YES;
				ONLY_ACTIVE_ARCH = YES;
				SDKROOT = iphoneos;
				SWIFT_ACTIVE_COMPILATION_CONDITIONS = DEBUG;
				SWIFT_OPTIMIZATION_LEVEL = "-Onone";
			};
			name = Debug;
		};
		0A13E5692A5A4AEC00CE63BC /* Release */ = {
			isa = XCBuildConfiguration;
			buildSettings = {
				ALWAYS_SEARCH_USER_PATHS = NO;
				CLANG_ANALYZER_NONNULL = YES;
				CLANG_ANALYZER_NUMBER_OBJECT_CONVERSION = YES_AGGRESSIVE;
				CLANG_CXX_LANGUAGE_STANDARD = "gnu++20";
				CLANG_ENABLE_MODULES = YES;
				CLANG_ENABLE_OBJC_ARC = YES;
				CLANG_ENABLE_OBJC_WEAK = YES;
				CLANG_WARN_BLOCK_CAPTURE_AUTORELEASING = YES;
				CLANG_WARN_BOOL_CONVERSION = YES;
				CLANG_WARN_COMMA = YES;
				CLANG_WARN_CONSTANT_CONVERSION = YES;
				CLANG_WARN_DEPRECATED_OBJC_IMPLEMENTATIONS = YES;
				CLANG_WARN_DIRECT_OBJC_ISA_USAGE = YES_ERROR;
				CLANG_WARN_DOCUMENTATION_COMMENTS = YES;
				CLANG_WARN_EMPTY_BODY = YES;
				CLANG_WARN_ENUM_CONVERSION = YES;
				CLANG_WARN_INFINITE_RECURSION = YES;
				CLANG_WARN_INT_CONVERSION = YES;
				CLANG_WARN_NON_LITERAL_NULL_CONVERSION = YES;
				CLANG_WARN_OBJC_IMPLICIT_RETAIN_SELF = YES;
				CLANG_WARN_OBJC_LITERAL_CONVERSION = YES;
				CLANG_WARN_OBJC_ROOT_CLASS = YES_ERROR;
				CLANG_WARN_QUOTED_INCLUDE_IN_FRAMEWORK_HEADER = YES;
				CLANG_WARN_RANGE_LOOP_ANALYSIS = YES;
				CLANG_WARN_STRICT_PROTOTYPES = YES;
				CLANG_WARN_SUSPICIOUS_MOVE = YES;
				CLANG_WARN_UNGUARDED_AVAILABILITY = YES_AGGRESSIVE;
				CLANG_WARN_UNREACHABLE_CODE = YES;
				CLANG_WARN__DUPLICATE_METHOD_MATCH = YES;
				COPY_PHASE_STRIP = NO;
				DEBUG_INFORMATION_FORMAT = "dwarf-with-dsym";
				ENABLE_NS_ASSERTIONS = NO;
				ENABLE_STRICT_OBJC_MSGSEND = YES;
				GCC_C_LANGUAGE_STANDARD = gnu11;
				GCC_NO_COMMON_BLOCKS = YES;
				GCC_WARN_64_TO_32_BIT_CONVERSION = YES;
				GCC_WARN_ABOUT_RETURN_TYPE = YES_ERROR;
				GCC_WARN_UNDECLARED_SELECTOR = YES;
				GCC_WARN_UNINITIALIZED_AUTOS = YES_AGGRESSIVE;
				GCC_WARN_UNUSED_FUNCTION = YES;
				GCC_WARN_UNUSED_VARIABLE = YES;
				IPHONEOS_DEPLOYMENT_TARGET = 15.0;
				MTL_ENABLE_DEBUG_INFO = NO;
				MTL_FAST_MATH = YES;
				SDKROOT = iphoneos;
				SWIFT_COMPILATION_MODE = wholemodule;
				SWIFT_OPTIMIZATION_LEVEL = "-O";
				VALIDATE_PRODUCT = YES;
			};
			name = Release;
		};
		0A13E56B2A5A4AEC00CE63BC /* Debug */ = {
			isa = XCBuildConfiguration;
			buildSettings = {
				ASSETCATALOG_COMPILER_APPICON_NAME = AppIcon;
				ASSETCATALOG_COMPILER_GLOBAL_ACCENT_COLOR_NAME = AccentColor;
				CODE_SIGN_STYLE = Automatic;
				CURRENT_PROJECT_VERSION = 1;
				DEVELOPMENT_ASSET_PATHS = "\"SpotifyNowListeningAppDemo/Preview Content\"";
				DEVELOPMENT_TEAM = SY69L98Q38;
				ENABLE_PREVIEWS = YES;
				GENERATE_INFOPLIST_FILE = YES;
				INFOPLIST_FILE = SpotifyNowListeningAppDemo/Info.plist;
				INFOPLIST_KEY_UIApplicationSceneManifest_Generation = YES;
				INFOPLIST_KEY_UIApplicationSupportsIndirectInputEvents = YES;
				INFOPLIST_KEY_UILaunchScreen_Generation = YES;
				INFOPLIST_KEY_UISupportedInterfaceOrientations = UIInterfaceOrientationPortrait;
				INFOPLIST_KEY_UISupportedInterfaceOrientations_iPad = "UIInterfaceOrientationLandscapeLeft UIInterfaceOrientationLandscapeRight UIInterfaceOrientationPortrait UIInterfaceOrientationPortraitUpsideDown";
				IPHONEOS_DEPLOYMENT_TARGET = 15.0;
				LD_RUNPATH_SEARCH_PATHS = (
					"$(inherited)",
					"@executable_path/Frameworks",
				);
				MARKETING_VERSION = 1.0;
				PRODUCT_BUNDLE_IDENTIFIER = com.infinity.SpotifyNowListeningAppDemo;
				PRODUCT_NAME = "$(TARGET_NAME)";
				SUPPORTED_PLATFORMS = "iphoneos iphonesimulator";
				SUPPORTS_MACCATALYST = NO;
				SUPPORTS_MAC_DESIGNED_FOR_IPHONE_IPAD = NO;
				SUPPORTS_XR_DESIGNED_FOR_IPHONE_IPAD = NO;
				SWIFT_EMIT_LOC_STRINGS = YES;
				SWIFT_VERSION = 5.0;
				TARGETED_DEVICE_FAMILY = 1;
			};
			name = Debug;
		};
		0A13E56C2A5A4AEC00CE63BC /* Release */ = {
			isa = XCBuildConfiguration;
			buildSettings = {
				ASSETCATALOG_COMPILER_APPICON_NAME = AppIcon;
				ASSETCATALOG_COMPILER_GLOBAL_ACCENT_COLOR_NAME = AccentColor;
				CODE_SIGN_STYLE = Automatic;
				CURRENT_PROJECT_VERSION = 1;
				DEVELOPMENT_ASSET_PATHS = "\"SpotifyNowListeningAppDemo/Preview Content\"";
				DEVELOPMENT_TEAM = SY69L98Q38;
				ENABLE_PREVIEWS = YES;
				GENERATE_INFOPLIST_FILE = YES;
				INFOPLIST_FILE = SpotifyNowListeningAppDemo/Info.plist;
				INFOPLIST_KEY_UIApplicationSceneManifest_Generation = YES;
				INFOPLIST_KEY_UIApplicationSupportsIndirectInputEvents = YES;
				INFOPLIST_KEY_UILaunchScreen_Generation = YES;
				INFOPLIST_KEY_UISupportedInterfaceOrientations = UIInterfaceOrientationPortrait;
				INFOPLIST_KEY_UISupportedInterfaceOrientations_iPad = "UIInterfaceOrientationLandscapeLeft UIInterfaceOrientationLandscapeRight UIInterfaceOrientationPortrait UIInterfaceOrientationPortraitUpsideDown";
				IPHONEOS_DEPLOYMENT_TARGET = 15.0;
				LD_RUNPATH_SEARCH_PATHS = (
					"$(inherited)",
					"@executable_path/Frameworks",
				);
				MARKETING_VERSION = 1.0;
				PRODUCT_BUNDLE_IDENTIFIER = com.infinity.SpotifyNowListeningAppDemo;
				PRODUCT_NAME = "$(TARGET_NAME)";
				SUPPORTED_PLATFORMS = "iphoneos iphonesimulator";
				SUPPORTS_MACCATALYST = NO;
				SUPPORTS_MAC_DESIGNED_FOR_IPHONE_IPAD = NO;
				SUPPORTS_XR_DESIGNED_FOR_IPHONE_IPAD = NO;
				SWIFT_EMIT_LOC_STRINGS = YES;
				SWIFT_VERSION = 5.0;
				TARGETED_DEVICE_FAMILY = 1;
			};
			name = Release;
		};
/* End XCBuildConfiguration section */

/* Begin XCConfigurationList section */
		0A13E5572A5A4AEA00CE63BC /* Build configuration list for PBXProject "SpotifyNowListeningAppDemo" */ = {
			isa = XCConfigurationList;
			buildConfigurations = (
				0A13E5682A5A4AEC00CE63BC /* Debug */,
				0A13E5692A5A4AEC00CE63BC /* Release */,
			);
			defaultConfigurationIsVisible = 0;
			defaultConfigurationName = Release;
		};
		0A13E56A2A5A4AEC00CE63BC /* Build configuration list for PBXNativeTarget "SpotifyNowListeningAppDemo" */ = {
			isa = XCConfigurationList;
			buildConfigurations = (
				0A13E56B2A5A4AEC00CE63BC /* Debug */,
				0A13E56C2A5A4AEC00CE63BC /* Release */,
			);
			defaultConfigurationIsVisible = 0;
			defaultConfigurationName = Release;
		};
/* End XCConfigurationList section */
	};
	rootObject = 0A13E5542A5A4AEA00CE63BC /* Project object */;
}
